bcrypt==5.0.0 --hash=sha256:611f0a17aa4a25a69362dcc299fda5c8a3d4f160e2abb3831041feb77393a14a
certifi==2026.7.22 --hash=sha256:62f22742b58a1a33014a2b6b706588a8d7e2a88ae7bd1a6ebe8c992928483775
cffi==2.1.1 --hash=sha256:b0431303acaea1089ad4b3e9ce4e6518193def1118d4073ca848635ee4ea2e96
charset-normalizer==3.5.2 --hash=sha256:34276fd796040bf0993ab33a369aa572e6979c7aab225a88893667ad8eac8f7a
cryptography==50.0.2 --hash=sha256:9dab55f57c74c3cad24c323bacbbd04be4705ba6eb0d92e920b1fc4837ed5079
idna==3.20 --hash=sha256:ab7ae7122974553370f0bdb919e1a960b2cd1bc1ef0276416d896db81c14582c
iniconfig==2.3.1 --hash=sha256:9121e2c1fdb355232495be3194c8dfe87ccc2d5dee45947b78e68f499790d7a7
invoke==3.0.3 --hash=sha256:f11327165e5cbb89b2ad1d88d3292b5113332c43b8553b494da435d6ec6f5053
packaging==26.3 --hash=sha256:d7193f7c8e4e93f444fde0262bf90af30e16fa0ad0ad44cb553c87339b23cd1c
paramiko==5.0.0 --hash=sha256:b7044611c30140d9a75261653210e2002977b71a0497ff3ba0d98d7edbf62f7c
pip==26.2.1 --hash=sha256:71138adf1f4ca900cdb7d289c21b7494329f2332b6d85f0e1c42108c0384ed3e
pluggy==1.6.0 --hash=sha256:e920276dd6813095e9377c0bc5566d94c932c33b27a3e3945d8389c374dd4746
pycparser==3.1 --hash=sha256:f09d358c840bd147b79e55f2bc494f18ea869dc897f5852a8f5766b74f787882
pygments==2.21.0 --hash=sha256:2363c69b61c4a97c838da3b130dcd6468f4848992b21a82f2a63ec34377137d9
pynacl==1.6.2 --hash=sha256:c8a231e36ec2cab018c4ad4358c386e36eede0319a0c41fed24f840b1dac59f6
pytest==9.1.1 --hash=sha256:37a86b45efb9a47a61a36449063e8e18d0cab3161329fc099eb21783169c4f0c
requests==2.34.2 --hash=sha256:2a0d60c172f83ac6ab31e4554906c0f3b3588d37b5cb939b1c061f4907e278e0
robotframework==7.5 --hash=sha256:5a194db36524604fafa1da89adebc837db9a95adf15ffd746e09ce98251e6c68
robotframework-sshlibrary==3.8.0 --hash=sha256:f265f7a410d6c7b8ebbcccc156f60088bd13bcc631ee59d22541ea26ffaf9870
scapy==2.8.0 --hash=sha256:abf855145ee829a42b2eb28983cd6a0a52b12a31d3f861cb7be36791195ed9aa
scp==0.16.2 --hash=sha256:98d2e9ecdbe09e6bd41c22d6b69a93f203589a6590624685373e81f8bfdc60fd
urllib3==2.8.0 --hash=sha256:0cf3cae568d36aa9576b28dfb35f11328f1cb974ca7647d9475ebb86c75ac6e3
